
Microsoft Visual Studio Solution File, Format Version 12.00
# Visual Studio 15
VisualStudioVersion = 15.0.28010.2041
MinimumVisualStudioVersion = 10.0.40219.1
Project("{9A19103F-16F7-4668-BE54-9A1E7A4F7556}") = "ToneWell", "ToneWell\ToneWell\ToneWell.csproj", "{D1184F51-666A-414B-AF40-0A203FE010FF}"
EndProject
Project("{FAE04EC0-301F-11D3-BF4B-00C04F79EFBC}") = "ToneWell.Android", "ToneWell\ToneWell.Android\ToneWell.Android.csproj", "{8C41FF0B-D528-4C0D-9399-7D9420A830F9}"
EndProject
Project("{FAE04EC0-301F-11D3-BF4B-00C04F79EFBC}") = "ToneWell.iOS", "ToneWell\ToneWell.iOS\ToneWell.iOS.csproj", "{D6CFCBB9-09FF-4D5A-A0B5-25E081559AD3}"
EndProject
Project("{FAE04EC0-301F-11D3-BF4B-00C04F79EFBC}") = "ToneWell.UWP", "ToneWell\ToneWell.UWP\ToneWell.UWP.csproj", "{47808811-3798-4218-BC51-298EF2A96091}"
EndProject
Global
	GlobalSection(SolutionConfigurationPlatforms) = preSolution
		Ad-Hoc|Any CPU = Ad-Hoc|Any CPU
		Ad-Hoc|ARM = Ad-Hoc|ARM
		Ad-Hoc|iPhone = Ad-Hoc|iPhone
		Ad-Hoc|iPhoneSimulator = Ad-Hoc|iPhoneSimulator
		Ad-Hoc|x64 = Ad-Hoc|x64
		Ad-Hoc|x86 = Ad-Hoc|x86
		AppStore|Any CPU = AppStore|Any CPU
		AppStore|ARM = AppStore|ARM
		AppStore|iPhone = AppStore|iPhone
		AppStore|iPhoneSimulator = AppStore|iPhoneSimulator
		AppStore|x64 = AppStore|x64
		AppStore|x86 = AppStore|x86
		Debug|Any CPU = Debug|Any CPU
		Debug|ARM = Debug|ARM
		Debug|iPhone = Debug|iPhone
		Debug|iPhoneSimulator = Debug|iPhoneSimulator
		Debug|x64 = Debug|x64
		Debug|x86 = Debug|x86
		Release|Any CPU = Release|Any CPU
		Release|ARM = Release|ARM
		Release|iPhone = Release|iPhone
		Release|iPhoneSimulator = Release|iPhoneSimulator
		Release|x64 = Release|x64
		Release|x86 = Release|x86
	EndGlobalSection
	GlobalSection(ProjectConfigurationPlatforms) = postSolution
		{D1184F51-666A-414B-AF40-0A203FE010FF}.Ad-Hoc|Any CPU.ActiveCfg = Debug|Any CPU
		{D1184F51-666A-414B-AF40-0A203FE010FF}.Ad-Hoc|Any CPU.Build.0 = Debug|Any CPU
		{D1184F51-666A-414B-AF40-0A203FE010FF}.Ad-Hoc|ARM.ActiveCfg = Debug|Any CPU
		{D1184F51-666A-414B-AF40-0A203FE010FF}.Ad-Hoc|ARM.Build.0 = Debug|Any CPU
		{D1184F51-666A-414B-AF40-0A203FE010FF}.Ad-Hoc|iPhone.ActiveCfg = Debug|Any CPU
		{D1184F51-666A-414B-AF40-0A203FE010FF}.Ad-Hoc|iPhone.Build.0 = Debug|Any CPU
		{D1184F51-666A-414B-AF40-0A203FE010FF}.Ad-Hoc|iPhoneSimulator.ActiveCfg = Debug|Any CPU
		{D1184F51-666A-414B-AF40-0A203FE010FF}.Ad-Hoc|iPhoneSimulator.Build.0 = Debug|Any CPU
		{D1184F51-666A-414B-AF40-0A203FE010FF}.Ad-Hoc|x64.ActiveCfg = Debug|Any CPU
		{D1184F51-666A-414B-AF40-0A203FE010FF}.Ad-Hoc|x64.Build.0 = Debug|Any CPU
		{D1184F51-666A-414B-AF40-0A203FE010FF}.Ad-Hoc|x86.ActiveCfg = Debug|Any CPU
		{D1184F51-666A-414B-AF40-0A203FE010FF}.Ad-Hoc|x86.Build.0 = Debug|Any CPU
		{D1184F51-666A-414B-AF40-0A203FE010FF}.AppStore|Any CPU.ActiveCfg = Debug|Any CPU
		{D1184F51-666A-414B-AF40-0A203FE010FF}.AppStore|Any CPU.Build.0 = Debug|Any CPU
		{D1184F51-666A-414B-AF40-0A203FE010FF}.AppStore|ARM.ActiveCfg = Debug|Any CPU
		{D1184F51-666A-414B-AF40-0A203FE010FF}.AppStore|ARM.Build.0 = Debug|Any CPU
		{D1184F51-666A-414B-AF40-0A203FE010FF}.AppStore|iPhone.ActiveCfg = Debug|Any CPU
		{D1184F51-666A-414B-AF40-0A203FE010FF}.AppStore|iPhone.Build.0 = Debug|Any CPU
		{D1184F51-666A-414B-AF40-0A203FE010FF}.AppStore|iPhoneSimulator.ActiveCfg = Debug|Any CPU
		{D1184F51-666A-414B-AF40-0A203FE010FF}.AppStore|iPhoneSimulator.Build.0 = Debug|Any CPU
		{D1184F51-666A-414B-AF40-0A203FE010FF}.AppStore|x64.ActiveCfg = Debug|Any CPU
		{D1184F51-666A-414B-AF40-0A203FE010FF}.AppStore|x64.Build.0 = Debug|Any CPU
		{D1184F51-666A-414B-AF40-0A203FE010FF}.AppStore|x86.ActiveCfg = Debug|Any CPU
		{D1184F51-666A-414B-AF40-0A203FE010FF}.AppStore|x86.Build.0 = Debug|Any CPU
		{D1184F51-666A-414B-AF40-0A203FE010FF}.Debug|Any CPU.ActiveCfg = Debug|Any CPU
		{D1184F51-666A-414B-AF40-0A203FE010FF}.Debug|Any CPU.Build.0 = Debug|Any CPU
		{D1184F51-666A-414B-AF40-0A203FE010FF}.Debug|ARM.ActiveCfg = Debug|Any CPU
		{D1184F51-666A-414B-AF40-0A203FE010FF}.Debug|ARM.Build.0 = Debug|Any CPU
		{D1184F51-666A-414B-AF40-0A203FE010FF}.Debug|iPhone.ActiveCfg = Debug|Any CPU
		{D1184F51-666A-414B-AF40-0A203FE010FF}.Debug|iPhone.Build.0 = Debug|Any CPU
		{D1184F51-666A-414B-AF40-0A203FE010FF}.Debug|iPhoneSimulator.ActiveCfg = Debug|Any CPU
		{D1184F51-666A-414B-AF40-0A203FE010FF}.Debug|iPhoneSimulator.Build.0 = Debug|Any CPU
		{D1184F51-666A-414B-AF40-0A203FE010FF}.Debug|x64.ActiveCfg = Debug|Any CPU
		{D1184F51-666A-414B-AF40-0A203FE010FF}.Debug|x64.Build.0 = Debug|Any CPU
		{D1184F51-666A-414B-AF40-0A203FE010FF}.Debug|x86.ActiveCfg = Debug|Any CPU
		{D1184F51-666A-414B-AF40-0A203FE010FF}.Debug|x86.Build.0 = Debug|Any CPU
		{D1184F51-666A-414B-AF40-0A203FE010FF}.Release|Any CPU.ActiveCfg = Release|Any CPU
		{D1184F51-666A-414B-AF40-0A203FE010FF}.Release|Any CPU.Build.0 = Release|Any CPU
		{D1184F51-666A-414B-AF40-0A203FE010FF}.Release|ARM.ActiveCfg = Release|Any CPU
		{D1184F51-666A-414B-AF40-0A203FE010FF}.Release|ARM.Build.0 = Release|Any CPU
		{D1184F51-666A-414B-AF40-0A203FE010FF}.Release|iPhone.ActiveCfg = Release|Any CPU
		{D1184F51-666A-414B-AF40-0A203FE010FF}.Release|iPhone.Build.0 = Release|Any CPU
		{D1184F51-666A-414B-AF40-0A203FE010FF}.Release|iPhoneSimulator.ActiveCfg = Release|Any CPU
		{D1184F51-666A-414B-AF40-0A203FE010FF}.Release|iPhoneSimulator.Build.0 = Release|Any CPU
		{D1184F51-666A-414B-AF40-0A203FE010FF}.Release|x64.ActiveCfg = Release|Any CPU
		{D1184F51-666A-414B-AF40-0A203FE010FF}.Release|x64.Build.0 = Release|Any CPU
		{D1184F51-666A-414B-AF40-0A203FE010FF}.Release|x86.ActiveCfg = Release|Any CPU
		{D1184F51-666A-414B-AF40-0A203FE010FF}.Release|x86.Build.0 = Release|Any CPU
		{8C41FF0B-D528-4C0D-9399-7D9420A830F9}.Ad-Hoc|Any CPU.ActiveCfg = Release|Any CPU
		{8C41FF0B-D528-4C0D-9399-7D9420A830F9}.Ad-Hoc|Any CPU.Build.0 = Release|Any CPU
		{8C41FF0B-D528-4C0D-9399-7D9420A830F9}.Ad-Hoc|Any CPU.Deploy.0 = Release|Any CPU
		{8C41FF0B-D528-4C0D-9399-7D9420A830F9}.Ad-Hoc|ARM.ActiveCfg = Release|Any CPU
		{8C41FF0B-D528-4C0D-9399-7D9420A830F9}.Ad-Hoc|ARM.Build.0 = Release|Any CPU
		{8C41FF0B-D528-4C0D-9399-7D9420A830F9}.Ad-Hoc|ARM.Deploy.0 = Release|Any CPU
		{8C41FF0B-D528-4C0D-9399-7D9420A830F9}.Ad-Hoc|iPhone.ActiveCfg = Release|Any CPU
		{8C41FF0B-D528-4C0D-9399-7D9420A830F9}.Ad-Hoc|iPhone.Build.0 = Release|Any CPU
		{8C41FF0B-D528-4C0D-9399-7D9420A830F9}.Ad-Hoc|iPhone.Deploy.0 = Release|Any CPU
		{8C41FF0B-D528-4C0D-9399-7D9420A830F9}.Ad-Hoc|iPhoneSimulator.ActiveCfg = Release|Any CPU
		{8C41FF0B-D528-4C0D-9399-7D9420A830F9}.Ad-Hoc|iPhoneSimulator.Build.0 = Release|Any CPU
		{8C41FF0B-D528-4C0D-9399-7D9420A830F9}.Ad-Hoc|iPhoneSimulator.Deploy.0 = Release|Any CPU
		{8C41FF0B-D528-4C0D-9399-7D9420A830F9}.Ad-Hoc|x64.ActiveCfg = Release|Any CPU
		{8C41FF0B-D528-4C0D-9399-7D9420A830F9}.Ad-Hoc|x64.Build.0 = Release|Any CPU
		{8C41FF0B-D528-4C0D-9399-7D9420A830F9}.Ad-Hoc|x64.Deploy.0 = Release|Any CPU
		{8C41FF0B-D528-4C0D-9399-7D9420A830F9}.Ad-Hoc|x86.ActiveCfg = Release|Any CPU
		{8C41FF0B-D528-4C0D-9399-7D9420A830F9}.Ad-Hoc|x86.Build.0 = Release|Any CPU
		{8C41FF0B-D528-4C0D-9399-7D9420A830F9}.Ad-Hoc|x86.Deploy.0 = Release|Any CPU
		{8C41FF0B-D528-4C0D-9399-7D9420A830F9}.AppStore|Any CPU.ActiveCfg = Release|Any CPU
		{8C41FF0B-D528-4C0D-9399-7D9420A830F9}.AppStore|Any CPU.Build.0 = Release|Any CPU
		{8C41FF0B-D528-4C0D-9399-7D9420A830F9}.AppStore|Any CPU.Deploy.0 = Release|Any CPU
		{8C41FF0B-D528-4C0D-9399-7D9420A830F9}.AppStore|ARM.ActiveCfg = Release|Any CPU
		{8C41FF0B-D528-4C0D-9399-7D9420A830F9}.AppStore|ARM.Build.0 = Release|Any CPU
		{8C41FF0B-D528-4C0D-9399-7D9420A830F9}.AppStore|ARM.Deploy.0 = Release|Any CPU
		{8C41FF0B-D528-4C0D-9399-7D9420A830F9}.AppStore|iPhone.ActiveCfg = Release|Any CPU
		{8C41FF0B-D528-4C0D-9399-7D9420A830F9}.AppStore|iPhone.Build.0 = Release|Any CPU
		{8C41FF0B-D528-4C0D-9399-7D9420A830F9}.AppStore|iPhone.Deploy.0 = Release|Any CPU
		{8C41FF0B-D528-4C0D-9399-7D9420A830F9}.AppStore|iPhoneSimulator.ActiveCfg = Release|Any CPU
		{8C41FF0B-D528-4C0D-9399-7D9420A830F9}.AppStore|iPhoneSimulator.Build.0 = Release|Any CPU
		{8C41FF0B-D528-4C0D-9399-7D9420A830F9}.AppStore|iPhoneSimulator.Deploy.0 = Release|Any CPU
		{8C41FF0B-D528-4C0D-9399-7D9420A830F9}.AppStore|x64.ActiveCfg = Release|Any CPU
		{8C41FF0B-D528-4C0D-9399-7D9420A830F9}.AppStore|x64.Build.0 = Release|Any CPU
		{8C41FF0B-D528-4C0D-9399-7D9420A830F9}.AppStore|x64.Deploy.0 = Release|Any CPU
		{8C41FF0B-D528-4C0D-9399-7D9420A830F9}.AppStore|x86.ActiveCfg = Release|Any CPU
		{8C41FF0B-D528-4C0D-9399-7D9420A830F9}.AppStore|x86.Build.0 = Release|Any CPU
		{8C41FF0B-D528-4C0D-9399-7D9420A830F9}.AppStore|x86.Deploy.0 = Release|Any CPU
		{8C41FF0B-D528-4C0D-9399-7D9420A830F9}.Debug|Any CPU.ActiveCfg = Debug|Any CPU
		{8C41FF0B-D528-4C0D-9399-7D9420A830F9}.Debug|Any CPU.Build.0 = Debug|Any CPU
		{8C41FF0B-D528-4C0D-9399-7D9420A830F9}.Debug|Any CPU.Deploy.0 = Debug|Any CPU
		{8C41FF0B-D528-4C0D-9399-7D9420A830F9}.Debug|ARM.ActiveCfg = Debug|Any CPU
		{8C41FF0B-D528-4C0D-9399-7D9420A830F9}.Debug|ARM.Build.0 = Debug|Any CPU
		{8C41FF0B-D528-4C0D-9399-7D9420A830F9}.Debug|ARM.Deploy.0 = Debug|Any CPU
		{8C41FF0B-D528-4C0D-9399-7D9420A830F9}.Debug|iPhone.ActiveCfg = Debug|Any CPU
		{8C41FF0B-D528-4C0D-9399-7D9420A830F9}.Debug|iPhone.Build.0 = Debug|Any CPU
		{8C41FF0B-D528-4C0D-9399-7D9420A830F9}.Debug|iPhone.Deploy.0 = Debug|Any CPU
		{8C41FF0B-D528-4C0D-9399-7D9420A830F9}.Debug|iPhoneSimulator.ActiveCfg = Debug|Any CPU
		{8C41FF0B-D528-4C0D-9399-7D9420A830F9}.Debug|iPhoneSimulator.Build.0 = Debug|Any CPU
		{8C41FF0B-D528-4C0D-9399-7D9420A830F9}.Debug|iPhoneSimulator.Deploy.0 = Debug|Any CPU
		{8C41FF0B-D528-4C0D-9399-7D9420A830F9}.Debug|x64.ActiveCfg = Debug|Any CPU
		{8C41FF0B-D528-4C0D-9399-7D9420A830F9}.Debug|x64.Build.0 = Debug|Any CPU
		{8C41FF0B-D528-4C0D-9399-7D9420A830F9}.Debug|x64.Deploy.0 = Debug|Any CPU
		{8C41FF0B-D528-4C0D-9399-7D9420A830F9}.Debug|x86.ActiveCfg = Debug|Any CPU
		{8C41FF0B-D528-4C0D-9399-7D9420A830F9}.Debug|x86.Build.0 = Debug|Any CPU
		{8C41FF0B-D528-4C0D-9399-7D9420A830F9}.Debug|x86.Deploy.0 = Debug|Any CPU
		{8C41FF0B-D528-4C0D-9399-7D9420A830F9}.Release|Any CPU.ActiveCfg = Release|Any CPU
		{8C41FF0B-D528-4C0D-9399-7D9420A830F9}.Release|Any CPU.Build.0 = Release|Any CPU
		{8C41FF0B-D528-4C0D-9399-7D9420A830F9}.Release|Any CPU.Deploy.0 = Release|Any CPU
		{8C41FF0B-D528-4C0D-9399-7D9420A830F9}.Release|ARM.ActiveCfg = Release|Any CPU
		{8C41FF0B-D528-4C0D-9399-7D9420A830F9}.Release|ARM.Build.0 = Release|Any CPU
		{8C41FF0B-D528-4C0D-9399-7D9420A830F9}.Release|ARM.Deploy.0 = Release|Any CPU
		{8C41FF0B-D528-4C0D-9399-7D9420A830F9}.Release|iPhone.ActiveCfg = Release|Any CPU
		{8C41FF0B-D528-4C0D-9399-7D9420A830F9}.Release|iPhone.Build.0 = Release|Any CPU
		{8C41FF0B-D528-4C0D-9399-7D9420A830F9}.Release|iPhone.Deploy.0 = Release|Any CPU
		{8C41FF0B-D528-4C0D-9399-7D9420A830F9}.Release|iPhoneSimulator.ActiveCfg = Release|Any CPU
		{8C41FF0B-D528-4C0D-9399-7D9420A830F9}.Release|iPhoneSimulator.Build.0 = Release|Any CPU
		{8C41FF0B-D528-4C0D-9399-7D9420A830F9}.Release|iPhoneSimulator.Deploy.0 = Release|Any CPU
		{8C41FF0B-D528-4C0D-9399-7D9420A830F9}.Release|x64.ActiveCfg = Release|Any CPU
		{8C41FF0B-D528-4C0D-9399-7D9420A830F9}.Release|x64.Build.0 = Release|Any CPU
		{8C41FF0B-D528-4C0D-9399-7D9420A830F9}.Release|x64.Deploy.0 = Release|Any CPU
		{8C41FF0B-D528-4C0D-9399-7D9420A830F9}.Release|x86.ActiveCfg = Release|Any CPU
		{8C41FF0B-D528-4C0D-9399-7D9420A830F9}.Release|x86.Build.0 = Release|Any CPU
		{8C41FF0B-D528-4C0D-9399-7D9420A830F9}.Release|x86.Deploy.0 = Release|Any CPU
		{D6CFCBB9-09FF-4D5A-A0B5-25E081559AD3}.Ad-Hoc|Any CPU.ActiveCfg = Ad-Hoc|iPhone
		{D6CFCBB9-09FF-4D5A-A0B5-25E081559AD3}.Ad-Hoc|ARM.ActiveCfg = Ad-Hoc|iPhone
		{D6CFCBB9-09FF-4D5A-A0B5-25E081559AD3}.Ad-Hoc|iPhone.ActiveCfg = Ad-Hoc|iPhone
		{D6CFCBB9-09FF-4D5A-A0B5-25E081559AD3}.Ad-Hoc|iPhone.Build.0 = Ad-Hoc|iPhone
		{D6CFCBB9-09FF-4D5A-A0B5-25E081559AD3}.Ad-Hoc|iPhoneSimulator.ActiveCfg = Ad-Hoc|iPhoneSimulator
		{D6CFCBB9-09FF-4D5A-A0B5-25E081559AD3}.Ad-Hoc|iPhoneSimulator.Build.0 = Ad-Hoc|iPhoneSimulator
		{D6CFCBB9-09FF-4D5A-A0B5-25E081559AD3}.Ad-Hoc|x64.ActiveCfg = Ad-Hoc|iPhone
		{D6CFCBB9-09FF-4D5A-A0B5-25E081559AD3}.Ad-Hoc|x86.ActiveCfg = Ad-Hoc|iPhone
		{D6CFCBB9-09FF-4D5A-A0B5-25E081559AD3}.AppStore|Any CPU.ActiveCfg = AppStore|iPhone
		{D6CFCBB9-09FF-4D5A-A0B5-25E081559AD3}.AppStore|ARM.ActiveCfg = AppStore|iPhone
		{D6CFCBB9-09FF-4D5A-A0B5-25E081559AD3}.AppStore|iPhone.ActiveCfg = AppStore|iPhone
		{D6CFCBB9-09FF-4D5A-A0B5-25E081559AD3}.AppStore|iPhone.Build.0 = AppStore|iPhone
		{D6CFCBB9-09FF-4D5A-A0B5-25E081559AD3}.AppStore|iPhoneSimulator.ActiveCfg = AppStore|iPhoneSimulator
		{D6CFCBB9-09FF-4D5A-A0B5-25E081559AD3}.AppStore|iPhoneSimulator.Build.0 = AppStore|iPhoneSimulator
		{D6CFCBB9-09FF-4D5A-A0B5-25E081559AD3}.AppStore|x64.ActiveCfg = AppStore|iPhone
		{D6CFCBB9-09FF-4D5A-A0B5-25E081559AD3}.AppStore|x86.ActiveCfg = AppStore|iPhone
		{D6CFCBB9-09FF-4D5A-A0B5-25E081559AD3}.Debug|Any CPU.ActiveCfg = Debug|iPhone
		{D6CFCBB9-09FF-4D5A-A0B5-25E081559AD3}.Debug|ARM.ActiveCfg = Debug|iPhone
		{D6CFCBB9-09FF-4D5A-A0B5-25E081559AD3}.Debug|iPhone.ActiveCfg = Debug|iPhone
		{D6CFCBB9-09FF-4D5A-A0B5-25E081559AD3}.Debug|iPhone.Build.0 = Debug|iPhone
		{D6CFCBB9-09FF-4D5A-A0B5-25E081559AD3}.Debug|iPhoneSimulator.ActiveCfg = Debug|iPhoneSimulator
		{D6CFCBB9-09FF-4D5A-A0B5-25E081559AD3}.Debug|iPhoneSimulator.Build.0 = Debug|iPhoneSimulator
		{D6CFCBB9-09FF-4D5A-A0B5-25E081559AD3}.Debug|x64.ActiveCfg = Debug|iPhone
		{D6CFCBB9-09FF-4D5A-A0B5-25E081559AD3}.Debug|x86.ActiveCfg = Debug|iPhone
		{D6CFCBB9-09FF-4D5A-A0B5-25E081559AD3}.Release|Any CPU.ActiveCfg = Release|iPhone
		{D6CFCBB9-09FF-4D5A-A0B5-25E081559AD3}.Release|ARM.ActiveCfg = Release|iPhone
		{D6CFCBB9-09FF-4D5A-A0B5-25E081559AD3}.Release|iPhone.ActiveCfg = Release|iPhone
		{D6CFCBB9-09FF-4D5A-A0B5-25E081559AD3}.Release|iPhone.Build.0 = Release|iPhone
		{D6CFCBB9-09FF-4D5A-A0B5-25E081559AD3}.Release|iPhoneSimulator.ActiveCfg = Release|iPhoneSimulator
		{D6CFCBB9-09FF-4D5A-A0B5-25E081559AD3}.Release|iPhoneSimulator.Build.0 = Release|iPhoneSimulator
		{D6CFCBB9-09FF-4D5A-A0B5-25E081559AD3}.Release|x64.ActiveCfg = Release|iPhone
		{D6CFCBB9-09FF-4D5A-A0B5-25E081559AD3}.Release|x86.ActiveCfg = Release|iPhone
		{47808811-3798-4218-BC51-298EF2A96091}.Ad-Hoc|Any CPU.ActiveCfg = Release|x86
		{47808811-3798-4218-BC51-298EF2A96091}.Ad-Hoc|Any CPU.Build.0 = Release|x86
		{47808811-3798-4218-BC51-298EF2A96091}.Ad-Hoc|Any CPU.Deploy.0 = Release|x86
		{47808811-3798-4218-BC51-298EF2A96091}.Ad-Hoc|ARM.ActiveCfg = Release|ARM
		{47808811-3798-4218-BC51-298EF2A96091}.Ad-Hoc|ARM.Build.0 = Release|ARM
		{47808811-3798-4218-BC51-298EF2A96091}.Ad-Hoc|ARM.Deploy.0 = Release|ARM
		{47808811-3798-4218-BC51-298EF2A96091}.Ad-Hoc|iPhone.ActiveCfg = Release|x86
		{47808811-3798-4218-BC51-298EF2A96091}.Ad-Hoc|iPhone.Build.0 = Release|x86
		{47808811-3798-4218-BC51-298EF2A96091}.Ad-Hoc|iPhone.Deploy.0 = Release|x86
		{47808811-3798-4218-BC51-298EF2A96091}.Ad-Hoc|iPhoneSimulator.ActiveCfg = Release|x86
		{47808811-3798-4218-BC51-298EF2A96091}.Ad-Hoc|iPhoneSimulator.Build.0 = Release|x86
		{47808811-3798-4218-BC51-298EF2A96091}.Ad-Hoc|iPhoneSimulator.Deploy.0 = Release|x86
		{47808811-3798-4218-BC51-298EF2A96091}.Ad-Hoc|x64.ActiveCfg = Release|x64
		{47808811-3798-4218-BC51-298EF2A96091}.Ad-Hoc|x64.Build.0 = Release|x64
		{47808811-3798-4218-BC51-298EF2A96091}.Ad-Hoc|x64.Deploy.0 = Release|x64
		{47808811-3798-4218-BC51-298EF2A96091}.Ad-Hoc|x86.ActiveCfg = Release|x86
		{47808811-3798-4218-BC51-298EF2A96091}.Ad-Hoc|x86.Build.0 = Release|x86
		{47808811-3798-4218-BC51-298EF2A96091}.Ad-Hoc|x86.Deploy.0 = Release|x86
		{47808811-3798-4218-BC51-298EF2A96091}.AppStore|Any CPU.ActiveCfg = Release|x86
		{47808811-3798-4218-BC51-298EF2A96091}.AppStore|Any CPU.Build.0 = Release|x86
		{47808811-3798-4218-BC51-298EF2A96091}.AppStore|Any CPU.Deploy.0 = Release|x86
		{47808811-3798-4218-BC51-298EF2A96091}.AppStore|ARM.ActiveCfg = Release|ARM
		{47808811-3798-4218-BC51-298EF2A96091}.AppStore|ARM.Build.0 = Release|ARM
		{47808811-3798-4218-BC51-298EF2A96091}.AppStore|ARM.Deploy.0 = Release|ARM
		{47808811-3798-4218-BC51-298EF2A96091}.AppStore|iPhone.ActiveCfg = Release|x86
		{47808811-3798-4218-BC51-298EF2A96091}.AppStore|iPhone.Build.0 = Release|x86
		{47808811-3798-4218-BC51-298EF2A96091}.AppStore|iPhone.Deploy.0 = Release|x86
		{47808811-3798-4218-BC51-298EF2A96091}.AppStore|iPhoneSimulator.ActiveCfg = Release|x86
		{47808811-3798-4218-BC51-298EF2A96091}.AppStore|iPhoneSimulator.Build.0 = Release|x86
		{47808811-3798-4218-BC51-298EF2A96091}.AppStore|iPhoneSimulator.Deploy.0 = Release|x86
		{47808811-3798-4218-BC51-298EF2A96091}.AppStore|x64.ActiveCfg = Release|x64
		{47808811-3798-4218-BC51-298EF2A96091}.AppStore|x64.Build.0 = Release|x64
		{47808811-3798-4218-BC51-298EF2A96091}.AppStore|x64.Deploy.0 = Release|x64
		{47808811-3798-4218-BC51-298EF2A96091}.AppStore|x86.ActiveCfg = Release|x86
		{47808811-3798-4218-BC51-298EF2A96091}.AppStore|x86.Build.0 = Release|x86
		{47808811-3798-4218-BC51-298EF2A96091}.AppStore|x86.Deploy.0 = Release|x86
		{47808811-3798-4218-BC51-298EF2A96091}.Debug|Any CPU.ActiveCfg = Debug|x86
		{47808811-3798-4218-BC51-298EF2A96091}.Debug|ARM.ActiveCfg = Debug|ARM
		{47808811-3798-4218-BC51-298EF2A96091}.Debug|ARM.Build.0 = Debug|ARM
		{47808811-3798-4218-BC51-298EF2A96091}.Debug|ARM.Deploy.0 = Debug|ARM
		{47808811-3798-4218-BC51-298EF2A96091}.Debug|iPhone.ActiveCfg = Debug|x86
		{47808811-3798-4218-BC51-298EF2A96091}.Debug|iPhoneSimulator.ActiveCfg = Debug|x86
		{47808811-3798-4218-BC51-298EF2A96091}.Debug|x64.ActiveCfg = Debug|x64
		{47808811-3798-4218-BC51-298EF2A96091}.Debug|x64.Build.0 = Debug|x64
		{47808811-3798-4218-BC51-298EF2A96091}.Debug|x64.Deploy.0 = Debug|x64
		{47808811-3798-4218-BC51-298EF2A96091}.Debug|x86.ActiveCfg = Debug|x86
		{47808811-3798-4218-BC51-298EF2A96091}.Debug|x86.Build.0 = Debug|x86
		{47808811-3798-4218-BC51-298EF2A96091}.Debug|x86.Deploy.0 = Debug|x86
		{47808811-3798-4218-BC51-298EF2A96091}.Release|Any CPU.ActiveCfg = Release|x86
		{47808811-3798-4218-BC51-298EF2A96091}.Release|ARM.ActiveCfg = Release|ARM
		{47808811-3798-4218-BC51-298EF2A96091}.Release|ARM.Build.0 = Release|ARM
		{47808811-3798-4218-BC51-298EF2A96091}.Release|ARM.Deploy.0 = Release|ARM
		{47808811-3798-4218-BC51-298EF2A96091}.Release|iPhone.ActiveCfg = Release|x86
		{47808811-3798-4218-BC51-298EF2A96091}.Release|iPhoneSimulator.ActiveCfg = Release|x86
		{47808811-3798-4218-BC51-298EF2A96091}.Release|x64.ActiveCfg = Release|x64
		{47808811-3798-4218-BC51-298EF2A96091}.Release|x64.Build.0 = Release|x64
		{47808811-3798-4218-BC51-298EF2A96091}.Release|x64.Deploy.0 = Release|x64
		{47808811-3798-4218-BC51-298EF2A96091}.Release|x86.ActiveCfg = Release|x86
		{47808811-3798-4218-BC51-298EF2A96091}.Release|x86.Build.0 = Release|x86
		{47808811-3798-4218-BC51-298EF2A96091}.Release|x86.Deploy.0 = Release|x86
	EndGlobalSection
	GlobalSection(SolutionProperties) = preSolution
		HideSolutionNode = FALSE
	EndGlobalSection
	GlobalSection(ExtensibilityGlobals) = postSolution
		SolutionGuid = {55018A1B-526D-47D0-B7B6-9A5E3AED632C}
	EndGlobalSection
EndGlobal
